
Microsoft Visual Studio Solution File, Format Version 12.00
# Visual Studio Version 16
VisualStudioVersion = 16.0.29926.136
MinimumVisualStudioVersion = 10.0.40219.1
Project("{FAE04EC0-301F-11D3-BF4B-00C04F79EFBC}") = "task 3 assigment 1", "task 3 assigment 1\task 3 assigment 1.csproj", "{C681220A-6A4F-4981-8EB7-F199A1D5D6E2}"
EndProject
Global
	GlobalSection(SolutionConfigurationPlatforms) = preSolution
		Debug|Any CPU = Debug|Any CPU
		Release|Any CPU = Release|Any CPU
	EndGlobalSection
	GlobalSection(ProjectConfigurationPlatforms) = postSolution
		{C681220A-6A4F-4981-8EB7-F199A1D5D6E2}.Debug|Any CPU.ActiveCfg = Debug|Any CPU
		{C681220A-6A4F-4981-8EB7-F199A1D5D6E2}.Debug|Any CPU.Build.0 = Debug|Any CPU
		{C681220A-6A4F-4981-8EB7-F199A1D5D6E2}.Release|Any CPU.ActiveCfg = Release|Any CPU
		{C681220A-6A4F-4981-8EB7-F199A1D5D6E2}.Release|Any CPU.Build.0 = Release|Any CPU
	EndGlobalSection
	GlobalSection(SolutionProperties) = preSolution
		HideSolutionNode = FALSE
	EndGlobalSection
	GlobalSection(ExtensibilityGlobals) = postSolution
		SolutionGuid = {947C373C-CF34-4343-A226-A5CB417AA891}
	EndGlobalSection
EndGlobal
